// !$*UTF8*$!
{
	archiveVersion = 1;
	classes = {
	};
	objectVersion = 50;
	objects = {

/* Begin PBXBuildFile section */
		1146BF72B0B4AB1930B34DA7 /* Pods_InstagramUITests.framework in Frameworks */ = {isa = PBXBuildFile; fileRef = 1BE065C40C76A677CB8DD654 /* Pods_InstagramUITests.framework */; };
		7C0665679EBD61FBCC822258 /* Pods_InstagramTests.framework in Frameworks */ = {isa = PBXBuildFile; fileRef = EF0F02326181D1F2A39612BB /* Pods_InstagramTests.framework */; };
		9A50B27AB665079639E5A6DD /* Pods_Instagram.framework in Frameworks */ = {isa = PBXBuildFile; fileRef = D99324880740E19516005ED5 /* Pods_Instagram.framework */; };
		A4BF6C7B215F105100EC9F71 /* AppDelegate.swift in Sources */ = {isa = PBXBuildFile; fileRef = A4BF6C7A215F105100EC9F71 /* AppDelegate.swift */; };
		A4BF6C7D215F105100EC9F71 /* ViewController.swift in Sources */ = {isa = PBXBuildFile; fileRef = A4BF6C7C215F105100EC9F71 /* ViewController.swift */; };
		A4BF6C80215F105100EC9F71 /* Main.storyboard in Resources */ = {isa = PBXBuildFile; fileRef = A4BF6C7E215F105100EC9F71 /* Main.storyboard */; };
		A4BF6C82215F105300EC9F71 /* Assets.xcassets in Resources */ = {isa = PBXBuildFile; fileRef = A4BF6C81215F105300EC9F71 /* Assets.xcassets */; };
		A4BF6C85215F105300EC9F71 /* LaunchScreen.storyboard in Resources */ = {isa = PBXBuildFile; fileRef = A4BF6C83215F105300EC9F71 /* LaunchScreen.storyboard */; };
		A4BF6C90215F105300EC9F71 /* InstagramTests.swift in Sources */ = {isa = PBXBuildFile; fileRef = A4BF6C8F215F105300EC9F71 /* InstagramTests.swift */; };
		A4BF6C9B215F105300EC9F71 /* InstagramUITests.swift in Sources */ = {isa = PBXBuildFile; fileRef = A4BF6C9A215F105300EC9F71 /* InstagramUITests.swift */; };
		A4BF6CA9215F1D1800EC9F71 /* LoginViewController.swift in Sources */ = {isa = PBXBuildFile; fileRef = A4BF6CA8215F1D1800EC9F71 /* LoginViewController.swift */; };
/* End PBXBuildFile section */

/* Begin PBXContainerItemProxy section */
		A4BF6C8C215F105300EC9F71 /* PBXContainerItemProxy */ = {
			isa = PBXContainerItemProxy;
			containerPortal = A4BF6C6F215F105100EC9F71 /* Project object */;
			proxyType = 1;
			remoteGlobalIDString = A4BF6C76215F105100EC9F71;
			remoteInfo = Instagram;
		};
		A4BF6C97215F105300EC9F71 /* PBXContainerItemProxy */ = {
			isa = PBXContainerItemProxy;
			containerPortal = A4BF6C6F215F105100EC9F71 /* Project object */;
			proxyType = 1;
			remoteGlobalIDString = A4BF6C76215F105100EC9F71;
			remoteInfo = Instagram;
		};
/* End PBXContainerItemProxy section */

/* Begin PBXFileReference section */
		1BE065C40C76A677CB8DD654 /* Pods_InstagramUITests.framework */ = {isa = PBXFileReference; explicitFileType = wrapper.framework; includeInIndex = 0; path = Pods_InstagramUITests.framework; sourceTree = BUILT_PRODUCTS_DIR; };
		21A4A3828344A65A21556BF8 /* Pods-Instagram.debug.xcconfig */ = {isa = PBXFileReference; includeInIndex = 1; lastKnownFileType = text.xcconfig; name = "Pods-Instagram.debug.xcconfig"; path = "Pods/Target Support Files/Pods-Instagram/Pods-Instagram.debug.xcconfig"; sourceTree = "<group>"; };
		2DF3A8882E23E5526017F13B /* Pods-InstagramTests.release.xcconfig */ = {isa = PBXFileReference; includeInIndex = 1; lastKnownFileType = text.xcconfig; name = "Pods-InstagramTests.release.xcconfig"; path = "Pods/Target Support Files/Pods-InstagramTests/Pods-InstagramTests.release.xcconfig"; sourceTree = "<group>"; };
		587EB408E25FDAB137AAA8B2 /* Pods-InstagramTests.debug.xcconfig */ = {isa = PBXFileReference; includeInIndex = 1; lastKnownFileType = text.xcconfig; name = "Pods-InstagramTests.debug.xcconfig"; path = "Pods/Target Support Files/Pods-InstagramTests/Pods-InstagramTests.debug.xcconfig"; sourceTree = "<group>"; };
		913C6F2EDAAC64E93AAF7294 /* Pods-InstagramUITests.debug.xcconfig */ = {isa = PBXFileReference; includeInIndex = 1; lastKnownFileType = text.xcconfig; name = "Pods-InstagramUITests.debug.xcconfig"; path = "Pods/Target Support Files/Pods-InstagramUITests/Pods-InstagramUITests.debug.xcconfig"; sourceTree = "<group>"; };
		A4BF6C77215F105100EC9F71 /* Instagram.app */ = {isa = PBXFileReference; explicitFileType = wrapper.application; includeInIndex = 0; path = Instagram.app; sourceTree = BUILT_PRODUCTS_DIR; };
		A4BF6C7A215F105100EC9F71 /* AppDelegate.swift */ = {isa = PBXFileReference; lastKnownFileType = sourcecode.swift; path = AppDelegate.swift; sourceTree = "<group>"; };
		A4BF6C7C215F105100EC9F71 /* ViewController.swift */ = {isa = PBXFileReference; lastKnownFileType = sourcecode.swift; path = ViewController.swift; sourceTree = "<group>"; };
		A4BF6C7F215F105100EC9F71 /* Base */ = {isa = PBXFileReference; lastKnownFileType = file.storyboard; name = Base; path = Base.lproj/Main.storyboard; sourceTree = "<group>"; };
		A4BF6C81215F105300EC9F71 /* Assets.xcassets */ = {isa = PBXFileReference; lastKnownFileType = folder.assetcatalog; path = Assets.xcassets; sourceTree = "<group>"; };
		A4BF6C84215F105300EC9F71 /* Base */ = {isa = PBXFileReference; lastKnownFileType = file.storyboard; name = Base; path = Base.lproj/LaunchScreen.storyboard; sourceTree = "<group>"; };
		A4BF6C86215F105300EC9F71 /* Info.plist */ = {isa = PBXFileReference; lastKnownFileType = text.plist.xml; path = Info.plist; sourceTree = "<group>"; };
		A4BF6C8B215F105300EC9F71 /* InstagramTests.xctest */ = {isa = PBXFileReference; explicitFileType = wrapper.cfbundle; includeInIndex = 0; path = InstagramTests.xctest; sourceTree = BUILT_PRODUCTS_DIR; };
		A4BF6C8F215F105300EC9F71 /* InstagramTests.swift */ = {isa = PBXFileReference; lastKnownFileType = sourcecode.swift; path = InstagramTests.swift; sourceTree = "<group>"; };
		A4BF6C91215F105300EC9F71 /* Info.plist */ = {isa = PBXFileReference; lastKnownFileType = text.plist.xml; path = Info.plist; sourceTree = "<group>"; };
		A4BF6C96215F105300EC9F71 /* InstagramUITests.xctest */ = {isa = PBXFileReference; explicitFileType = wrapper.cfbundle; includeInIndex = 0; path = InstagramUITests.xctest; sourceTree = BUILT_PRODUCTS_DIR; };
		A4BF6C9A215F105300EC9F71 /* InstagramUITests.swift */ = {isa = PBXFileReference; lastKnownFileType = sourcecode.swift; path = InstagramUITests.swift; sourceTree = "<group>"; };
		A4BF6C9C215F105300EC9F71 /* Info.plist */ = {isa = PBXFileReference; lastKnownFileType = text.plist.xml; path = Info.plist; sourceTree = "<group>"; };
		A4BF6CA8215F1D1800EC9F71 /* LoginViewController.swift */ = {isa = PBXFileReference; lastKnownFileType = sourcecode.swift; path = LoginViewController.swift; sourceTree = "<group>"; };
		BAE5528C0FC7C2AD4B9663F3 /* Pods-InstagramUITests.release.xcconfig */ = {isa = PBXFileReference; includeInIndex = 1; lastKnownFileType = text.xcconfig; name = "Pods-InstagramUITests.release.xcconfig"; path = "Pods/Target Support Files/Pods-InstagramUITests/Pods-InstagramUITests.release.xcconfig"; sourceTree = "<group>"; };
		D7099787734E228E082DA913 /* Pods-Instagram.release.xcconfig */ = {isa = PBXFileReference; includeInIndex = 1; lastKnownFileType = text.xcconfig; name = "Pods-Instagram.release.xcconfig"; path = "Pods/Target Support Files/Pods-Instagram/Pods-Instagram.release.xcconfig"; sourceTree = "<group>"; };
		D99324880740E19516005ED5 /* Pods_Instagram.framework */ = {isa = PBXFileReference; explicitFileType = wrapper.framework; includeInIndex = 0; path = Pods_Instagram.framework; sourceTree = BUILT_PRODUCTS_DIR; };
		EF0F02326181D1F2A39612BB /* Pods_InstagramTests.framework */ = {isa = PBXFileReference; explicitFileType = wrapper.framework; includeInIndex = 0; path = Pods_InstagramTests.framework; sourceTree = BUILT_PRODUCTS_DIR; };
/* End PBXFileReference section */

/* Begin PBXFrameworksBuildPhase section */
		A4BF6C74215F105100EC9F71 /* Frameworks */ = {
			isa = PBXFrameworksBuildPhase;
			buildActionMask = 2147483647;
			files = (
				9A50B27AB665079639E5A6DD /* Pods_Instagram.framework in Frameworks */,
			);
			runOnlyForDeploymentPostprocessing = 0;
		};
		A4BF6C88215F105300EC9F71 /* Frameworks */ = {
			isa = PBXFrameworksBuildPhase;
			buildActionMask = 2147483647;
			files = (
				7C0665679EBD61FBCC822258 /* Pods_InstagramTests.framework in Frameworks */,
			);
			runOnlyForDeploymentPostprocessing = 0;
		};
		A4BF6C93215F105300EC9F71 /* Frameworks */ = {
			isa = PBXFrameworksBuildPhase;
			buildActionMask = 2147483647;
			files = (
				1146BF72B0B4AB1930B34DA7 /* Pods_InstagramUITests.framework in Frameworks */,
			);
			runOnlyForDeploymentPostprocessing = 0;
		};
/* End PBXFrameworksBuildPhase section */

/* Begin PBXGroup section */
		1ED415FAF415B0256828C08F /* Frameworks */ = {
			isa = PBXGroup;
			children = (
				D99324880740E19516005ED5 /* Pods_Instagram.framework */,
				EF0F02326181D1F2A39612BB /* Pods_InstagramTests.framework */,
				1BE065C40C76A677CB8DD654 /* Pods_InstagramUITests.framework */,
			);
			name = Frameworks;
			sourceTree = "<group>";
		};
		A4BF6C6E215F105100EC9F71 = {
			isa = PBXGroup;
			children = (
				A4BF6C79215F105100EC9F71 /* Instagram */,
				A4BF6C8E215F105300EC9F71 /* InstagramTests */,
				A4BF6C99215F105300EC9F71 /* InstagramUITests */,
				A4BF6C78215F105100EC9F71 /* Products */,
				F12C3FA0D176B063A99423BC /* Pods */,
				1ED415FAF415B0256828C08F /* Frameworks */,
			);
			sourceTree = "<group>";
		};
		A4BF6C78215F105100EC9F71 /* Products */ = {
			isa = PBXGroup;
			children = (
				A4BF6C77215F105100EC9F71 /* Instagram.app */,
				A4BF6C8B215F105300EC9F71 /* InstagramTests.xctest */,
				A4BF6C96215F105300EC9F71 /* InstagramUITests.xctest */,
			);
			name = Products;
			sourceTree = "<group>";
		};
		A4BF6C79215F105100EC9F71 /* Instagram */ = {
			isa = PBXGroup;
			children = (
				A4BF6C7A215F105100EC9F71 /* AppDelegate.swift */,
				A4BF6C7C215F105100EC9F71 /* ViewController.swift */,
				A4BF6C7E215F105100EC9F71 /* Main.storyboard */,
				A4BF6C81215F105300EC9F71 /* Assets.xcassets */,
				A4BF6C83215F105300EC9F71 /* LaunchScreen.storyboard */,
				A4BF6C86215F105300EC9F71 /* Info.plist */,
				A4BF6CA8215F1D1800EC9F71 /* LoginViewController.swift */,
			);
			path = Instagram;
			sourceTree = "<group>";
		};
		A4BF6C8E215F105300EC9F71 /* InstagramTests */ = {
			isa = PBXGroup;
			children = (
				A4BF6C8F215F105300EC9F71 /* InstagramTests.swift */,
				A4BF6C91215F105300EC9F71 /* Info.plist */,
			);
			path = InstagramTests;
			sourceTree = "<group>";
		};
		A4BF6C99215F105300EC9F71 /* InstagramUITests */ = {
			isa = PBXGroup;
			children = (
				A4BF6C9A215F105300EC9F71 /* InstagramUITests.swift */,
				A4BF6C9C215F105300EC9F71 /* Info.plist */,
			);
			path = InstagramUITests;
			sourceTree = "<group>";
		};
		F12C3FA0D176B063A99423BC /* Pods */ = {
			isa = PBXGroup;
			children = (
				21A4A3828344A65A21556BF8 /* Pods-Instagram.debug.xcconfig */,
				D7099787734E228E082DA913 /* Pods-Instagram.release.xcconfig */,
				587EB408E25FDAB137AAA8B2 /* Pods-InstagramTests.debug.xcconfig */,
				2DF3A8882E23E5526017F13B /* Pods-InstagramTests.release.xcconfig */,
				913C6F2EDAAC64E93AAF7294 /* Pods-InstagramUITests.debug.xcconfig */,
				BAE5528C0FC7C2AD4B9663F3 /* Pods-InstagramUITests.release.xcconfig */,
			);
			name = Pods;
			sourceTree = "<group>";
		};
/* End PBXGroup section */

/* Begin PBXNativeTarget section */
		A4BF6C76215F105100EC9F71 /* Instagram */ = {
			isa = PBXNativeTarget;
			buildConfigurationList = A4BF6C9F215F105300EC9F71 /* Build configuration list for PBXNativeTarget "Instagram" */;
			buildPhases = (
				B891B16536E2FCAFCDF3E17E /* [CP] Check Pods Manifest.lock */,
				A4BF6C73215F105100EC9F71 /* Sources */,
				A4BF6C74215F105100EC9F71 /* Frameworks */,
				A4BF6C75215F105100EC9F71 /* Resources */,
				F64933821F2350E3FF0C4364 /* [CP] Embed Pods Frameworks */,
			);
			buildRules = (
			);
			dependencies = (
			);
			name = Instagram;
			productName = Instagram;
			productReference = A4BF6C77215F105100EC9F71 /* Instagram.app */;
			productType = "com.apple.product-type.application";
		};
		A4BF6C8A215F105300EC9F71 /* InstagramTests */ = {
			isa = PBXNativeTarget;
			buildConfigurationList = A4BF6CA2215F105300EC9F71 /* Build configuration list for PBXNativeTarget "InstagramTests" */;
			buildPhases = (
				0FA4E8992C1016F4CD6316DE /* [CP] Check Pods Manifest.lock */,
				A4BF6C87215F105300EC9F71 /* Sources */,
				A4BF6C88215F105300EC9F71 /* Frameworks */,
				A4BF6C89215F105300EC9F71 /* Resources */,
			);
			buildRules = (
			);
			dependencies = (
				A4BF6C8D215F105300EC9F71 /* PBXTargetDependency */,
			);
			name = InstagramTests;
			productName = InstagramTests;
			productReference = A4BF6C8B215F105300EC9F71 /* InstagramTests.xctest */;
			productType = "com.apple.product-type.bundle.unit-test";
		};
		A4BF6C95215F105300EC9F71 /* InstagramUITests */ = {
			isa = PBXNativeTarget;
			buildConfigurationList = A4BF6CA5215F105300EC9F71 /* Build configuration list for PBXNativeTarget "InstagramUITests" */;
			buildPhases = (
				F20FC06851AF839692031888 /* [CP] Check Pods Manifest.lock */,
				A4BF6C92215F105300EC9F71 /* Sources */,
				A4BF6C93215F105300EC9F71 /* Frameworks */,
				A4BF6C94215F105300EC9F71 /* Resources */,
			);
			buildRules = (
			);
			dependencies = (
				A4BF6C98215F105300EC9F71 /* PBXTargetDependency */,
			);
			name = InstagramUITests;
			productName = InstagramUITests;
			productReference = A4BF6C96215F105300EC9F71 /* InstagramUITests.xctest */;
			productType = "com.apple.product-type.bundle.ui-testing";
		};
/* End PBXNativeTarget section */

/* Begin PBXProject section */
		A4BF6C6F215F105100EC9F71 /* Project object */ = {
			isa = PBXProject;
			attributes = {
				LastSwiftUpdateCheck = 0940;
				LastUpgradeCheck = 0940;
				ORGANIZATIONNAME = MSU;
				TargetAttributes = {
					A4BF6C76215F105100EC9F71 = {
						CreatedOnToolsVersion = 9.4.1;
					};
					A4BF6C8A215F105300EC9F71 = {
						CreatedOnToolsVersion = 9.4.1;
						TestTargetID = A4BF6C76215F105100EC9F71;
					};
					A4BF6C95215F105300EC9F71 = {
						CreatedOnToolsVersion = 9.4.1;
						TestTargetID = A4BF6C76215F105100EC9F71;
					};
				};
			};
			buildConfigurationList = A4BF6C72215F105100EC9F71 /* Build configuration list for PBXProject "Instagram" */;
			compatibilityVersion = "Xcode 9.3";
			developmentRegion = en;
			hasScannedForEncodings = 0;
			knownRegions = (
				en,
				Base,
			);
			mainGroup = A4BF6C6E215F105100EC9F71;
			productRefGroup = A4BF6C78215F105100EC9F71 /* Products */;
			projectDirPath = "";
			projectRoot = "";
			targets = (
				A4BF6C76215F105100EC9F71 /* Instagram */,
				A4BF6C8A215F105300EC9F71 /* InstagramTests */,
				A4BF6C95215F105300EC9F71 /* InstagramUITests */,
			);
		};
/* End PBXProject section */

/* Begin PBXResourcesBuildPhase section */
		A4BF6C75215F105100EC9F71 /* Resources */ = {
			isa = PBXResourcesBuildPhase;
			buildActionMask = 2147483647;
			files = (
				A4BF6C85215F105300EC9F71 /* LaunchScreen.storyboard in Resources */,
				A4BF6C82215F105300EC9F71 /* Assets.xcassets in Resources */,
				A4BF6C80215F105100EC9F71 /* Main.storyboard in Resources */,
			);
			runOnlyForDeploymentPostprocessing = 0;
		};
		A4BF6C89215F105300EC9F71 /* Resources */ = {
			isa = PBXResourcesBuildPhase;
			buildActionMask = 2147483647;
			files = (
			);
			runOnlyForDeploymentPostprocessing = 0;
		};
		A4BF6C94215F105300EC9F71 /* Resources */ = {
			isa = PBXResourcesBuildPhase;
			buildActionMask = 2147483647;
			files = (
			);
			runOnlyForDeploymentPostprocessing = 0;
		};
/* End PBXResourcesBuildPhase section */

/* Begin PBXShellScriptBuildPhase section */
		0FA4E8992C1016F4CD6316DE /* [CP] Check Pods Manifest.lock */ = {
			isa = PBXShellScriptBuildPhase;
			buildActionMask = 2147483647;
			files = (
			);
			inputPaths = (
				"${PODS_PODFILE_DIR_PATH}/Podfile.lock",
				"${PODS_ROOT}/Manifest.lock",
			);
			name = "[CP] Check Pods Manifest.lock";
			outputPaths = (
				"$(DERIVED_FILE_DIR)/Pods-InstagramTests-checkManifestLockResult.txt",
			);
			runOnlyForDeploymentPostprocessing = 0;
			shellPath = /bin/sh;
			shellScript = "diff \"${PODS_PODFILE_DIR_PATH}/Podfile.lock\" \"${PODS_ROOT}/Manifest.lock\" > /dev/null\nif [ $? != 0 ] ; then\n    # print error to STDERR\n    echo \"error: The sandbox is not in sync with the Podfile.lock. Run 'pod install' or update your CocoaPods installation.\" >&2\n    exit 1\nfi\n# This output is used by Xcode 'outputs' to avoid re-running this script phase.\necho \"SUCCESS\" > \"${SCRIPT_OUTPUT_FILE_0}\"\n";
			showEnvVarsInLog = 0;
		};
		B891B16536E2FCAFCDF3E17E /* [CP] Check Pods Manifest.lock */ = {
			isa = PBXShellScriptBuildPhase;
			buildActionMask = 2147483647;
			files = (
			);
			inputPaths = (
				"${PODS_PODFILE_DIR_PATH}/Podfile.lock",
				"${PODS_ROOT}/Manifest.lock",
			);
			name = "[CP] Check Pods Manifest.lock";
			outputPaths = (
				"$(DERIVED_FILE_DIR)/Pods-Instagram-checkManifestLockResult.txt",
			);
			runOnlyForDeploymentPostprocessing = 0;
			shellPath = /bin/sh;
			shellScript = "diff \"${PODS_PODFILE_DIR_PATH}/Podfile.lock\" \"${PODS_ROOT}/Manifest.lock\" > /dev/null\nif [ $? != 0 ] ; then\n    # print error to STDERR\n    echo \"error: The sandbox is not in sync with the Podfile.lock. Run 'pod install' or update your CocoaPods installation.\" >&2\n    exit 1\nfi\n# This output is used by Xcode 'outputs' to avoid re-running this script phase.\necho \"SUCCESS\" > \"${SCRIPT_OUTPUT_FILE_0}\"\n";
			showEnvVarsInLog = 0;
		};
		F20FC06851AF839692031888 /* [CP] Check Pods Manifest.lock */ = {
			isa = PBXShellScriptBuildPhase;
			buildActionMask = 2147483647;
			files = (
			);
			inputPaths = (
				"${PODS_PODFILE_DIR_PATH}/Podfile.lock",
				"${PODS_ROOT}/Manifest.lock",
			);
			name = "[CP] Check Pods Manifest.lock";
			outputPaths = (
				"$(DERIVED_FILE_DIR)/Pods-InstagramUITests-checkManifestLockResult.txt",
			);
			runOnlyForDeploymentPostprocessing = 0;
			shellPath = /bin/sh;
			shellScript = "diff \"${PODS_PODFILE_DIR_PATH}/Podfile.lock\" \"${PODS_ROOT}/Manifest.lock\" > /dev/null\nif [ $? != 0 ] ; then\n    # print error to STDERR\n    echo \"error: The sandbox is not in sync with the Podfile.lock. Run 'pod install' or update your CocoaPods installation.\" >&2\n    exit 1\nfi\n# This output is used by Xcode 'outputs' to avoid re-running this script phase.\necho \"SUCCESS\" > \"${SCRIPT_OUTPUT_FILE_0}\"\n";
			showEnvVarsInLog = 0;
		};
		F64933821F2350E3FF0C4364 /* [CP] Embed Pods Frameworks */ = {
			isa = PBXShellScriptBuildPhase;
			buildActionMask = 2147483647;
			files = (
			);
			inputPaths = (
				"${SRCROOT}/Pods/Target Support Files/Pods-Instagram/Pods-Instagram-frameworks.sh",
				"${BUILT_PRODUCTS_DIR}/Bolts/Bolts.framework",
				"${BUILT_PRODUCTS_DIR}/Parse/Parse.framework",
			);
			name = "[CP] Embed Pods Frameworks";
			outputPaths = (
				"${TARGET_BUILD_DIR}/${FRAMEWORKS_FOLDER_PATH}/Bolts.framework",
				"${TARGET_BUILD_DIR}/${FRAMEWORKS_FOLDER_PATH}/Parse.framework",
			);
			runOnlyForDeploymentPostprocessing = 0;
			shellPath = /bin/sh;
			shellScript = "\"${SRCROOT}/Pods/Target Support Files/Pods-Instagram/Pods-Instagram-frameworks.sh\"\n";
			showEnvVarsInLog = 0;
		};
/* End PBXShellScriptBuildPhase section */

/* Begin PBXSourcesBuildPhase section */
		A4BF6C73215F105100EC9F71 /* Sources */ = {
			isa = PBXSourcesBuildPhase;
			buildActionMask = 2147483647;
			files = (
				A4BF6CA9215F1D1800EC9F71 /* LoginViewController.swift in Sources */,
				A4BF6C7D215F105100EC9F71 /* ViewController.swift in Sources */,
				A4BF6C7B215F105100EC9F71 /* AppDelegate.swift in Sources */,
			);
			runOnlyForDeploymentPostprocessing = 0;
		};
		A4BF6C87215F105300EC9F71 /* Sources */ = {
			isa = PBXSourcesBuildPhase;
			buildActionMask = 2147483647;
			files = (
				A4BF6C90215F105300EC9F71 /* InstagramTests.swift in Sources */,
			);
			runOnlyForDeploymentPostprocessing = 0;
		};
		A4BF6C92215F105300EC9F71 /* Sources */ = {
			isa = PBXSourcesBuildPhase;
			buildActionMask = 2147483647;
			files = (
				A4BF6C9B215F105300EC9F71 /* InstagramUITests.swift in Sources */,
			);
			runOnlyForDeploymentPostprocessing = 0;
		};
/* End PBXSourcesBuildPhase section */

/* Begin PBXTargetDependency section */
		A4BF6C8D215F105300EC9F71 /* PBXTargetDependency */ = {
			isa = PBXTargetDependency;
			target = A4BF6C76215F105100EC9F71 /* Instagram */;
			targetProxy = A4BF6C8C215F105300EC9F71 /* PBXContainerItemProxy */;
		};
		A4BF6C98215F105300EC9F71 /* PBXTargetDependency */ = {
			isa = PBXTargetDependency;
			target = A4BF6C76215F105100EC9F71 /* Instagram */;
			targetProxy = A4BF6C97215F105300EC9F71 /* PBXContainerItemProxy */;
		};
/* End PBXTargetDependency section */

/* Begin PBXVariantGroup section */
		A4BF6C7E215F105100EC9F71 /* Main.storyboard */ = {
			isa = PBXVariantGroup;
			children = (
				A4BF6C7F215F105100EC9F71 /* Base */,
			);
			name = Main.storyboard;
			sourceTree = "<group>";
		};
		A4BF6C83215F105300EC9F71 /* LaunchScreen.storyboard */ = {
			isa = PBXVariantGroup;
			children = (
				A4BF6C84215F105300EC9F71 /* Base */,
			);
			name = LaunchScreen.storyboard;
			sourceTree = "<group>";
		};
/* End PBXVariantGroup section */

/* Begin XCBuildConfiguration section */
		A4BF6C9D215F105300EC9F71 /* Debug */ = {
			isa = XCBuildConfiguration;
			buildSettings = {
				ALWAYS_SEARCH_USER_PATHS = NO;
				CLANG_ANALYZER_NONNULL = YES;
				CLANG_ANALYZER_NUMBER_OBJECT_CONVERSION = YES_AGGRESSIVE;
				CLANG_CXX_LANGUAGE_STANDARD = "gnu++14";
				CLANG_CXX_LIBRARY = "libc++";
				CLANG_ENABLE_MODULES = YES;
				CLANG_ENABLE_OBJC_ARC = YES;
				CLANG_ENABLE_OBJC_WEAK = YES;
				CLANG_WARN_BLOCK_CAPTURE_AUTORELEASING = YES;
				CLANG_WARN_BOOL_CONVERSION = YES;
				CLANG_WARN_COMMA = YES;
				CLANG_WARN_CONSTANT_CONVERSION = YES;
				CLANG_WARN_DEPRECATED_OBJC_IMPLEMENTATIONS = YES;
				CLANG_WARN_DIRECT_OBJC_ISA_USAGE = YES_ERROR;
				CLANG_WARN_DOCUMENTATION_COMMENTS = YES;
				CLANG_WARN_EMPTY_BODY = YES;
				CLANG_WARN_ENUM_CONVERSION = YES;
				CLANG_WARN_INFINITE_RECURSION = YES;
				CLANG_WARN_INT_CONVERSION = YES;
				CLANG_WARN_NON_LITERAL_NULL_CONVERSION = YES;
				CLANG_WARN_OBJC_IMPLICIT_RETAIN_SELF = YES;
				CLANG_WARN_OBJC_LITERAL_CONVERSION = YES;
				CLANG_WARN_OBJC_ROOT_CLASS = YES_ERROR;
				CLANG_WARN_RANGE_LOOP_ANALYSIS = YES;
				CLANG_WARN_STRICT_PROTOTYPES = YES;
				CLANG_WARN_SUSPICIOUS_MOVE = YES;
				CLANG_WARN_UNGUARDED_AVAILABILITY = YES_AGGRESSIVE;
				CLANG_WARN_UNREACHABLE_CODE = YES;
				CLANG_WARN__DUPLICATE_METHOD_MATCH = YES;
				CODE_SIGN_IDENTITY = "iPhone Developer";
				COPY_PHASE_STRIP = NO;
				DEBUG_INFORMATION_FORMAT = dwarf;
				ENABLE_STRICT_OBJC_MSGSEND = YES;
				ENABLE_TESTABILITY = YES;
				GCC_C_LANGUAGE_STANDARD = gnu11;
				GCC_DYNAMIC_NO_PIC = NO;
				GCC_NO_COMMON_BLOCKS = YES;
				GCC_OPTIMIZATION_LEVEL = 0;
				GCC_PREPROCESSOR_DEFINITIONS = (
					"DEBUG=1",
					"$(inherited)",
				);
				GCC_WARN_64_TO_32_BIT_CONVERSION = YES;
				GCC_WARN_ABOUT_RETURN_TYPE = YES_ERROR;
				GCC_WARN_UNDECLARED_SELECTOR = YES;
				GCC_WARN_UNINITIALIZED_AUTOS = YES_AGGRESSIVE;
				GCC_WARN_UNUSED_FUNCTION = YES;
				GCC_WARN_UNUSED_VARIABLE = YES;
				IPHONEOS_DEPLOYMENT_TARGET = 11.4;
				MTL_ENABLE_DEBUG_INFO = YES;
				ONLY_ACTIVE_ARCH = YES;
				SDKROOT = iphoneos;
				SWIFT_ACTIVE_COMPILATION_CONDITIONS = DEBUG;
				SWIFT_OPTIMIZATION_LEVEL = "-Onone";
			};
			name = Debug;
		};
		A4BF6C9E215F105300EC9F71 /* Release */ = {
			isa = XCBuildConfiguration;
			buildSettings = {
				ALWAYS_SEARCH_USER_PATHS = NO;
				CLANG_ANALYZER_NONNULL = YES;
				CLANG_ANALYZER_NUMBER_OBJECT_CONVERSION = YES_AGGRESSIVE;
				CLANG_CXX_LANGUAGE_STANDARD = "gnu++14";
				CLANG_CXX_LIBRARY = "libc++";
				CLANG_ENABLE_MODULES = YES;
				CLANG_ENABLE_OBJC_ARC = YES;
				CLANG_ENABLE_OBJC_WEAK = YES;
				CLANG_WARN_BLOCK_CAPTURE_AUTORELEASING = YES;
				CLANG_WARN_BOOL_CONVERSION = YES;
				CLANG_WARN_COMMA = YES;
				CLANG_WARN_CONSTANT_CONVERSION = YES;
				CLANG_WARN_DEPRECATED_OBJC_IMPLEMENTATIONS = YES;
				CLANG_WARN_DIRECT_OBJC_ISA_USAGE = YES_ERROR;
				CLANG_WARN_DOCUMENTATION_COMMENTS = YES;
				CLANG_WARN_EMPTY_BODY = YES;
				CLANG_WARN_ENUM_CONVERSION = YES;
				CLANG_WARN_INFINITE_RECURSION = YES;
				CLANG_WARN_INT_CONVERSION = YES;
				CLANG_WARN_NON_LITERAL_NULL_CONVERSION = YES;
				CLANG_WARN_OBJC_IMPLICIT_RETAIN_SELF = YES;
				CLANG_WARN_OBJC_LITERAL_CONVERSION = YES;
				CLANG_WARN_OBJC_ROOT_CLASS = YES_ERROR;
				CLANG_WARN_RANGE_LOOP_ANALYSIS = YES;
				CLANG_WARN_STRICT_PROTOTYPES = YES;
				CLANG_WARN_SUSPICIOUS_MOVE = YES;
				CLANG_WARN_UNGUARDED_AVAILABILITY = YES_AGGRESSIVE;
				CLANG_WARN_UNREACHABLE_CODE = YES;
				CLANG_WARN__DUPLICATE_METHOD_MATCH = YES;
				CODE_SIGN_IDENTITY = "iPhone Developer";
				COPY_PHASE_STRIP = NO;
				DEBUG_INFORMATION_FORMAT = "dwarf-with-dsym";
				ENABLE_NS_ASSERTIONS = NO;
				ENABLE_STRICT_OBJC_MSGSEND = YES;
				GCC_C_LANGUAGE_STANDARD = gnu11;
				GCC_NO_COMMON_BLOCKS = YES;
				GCC_WARN_64_TO_32_BIT_CONVERSION = YES;
				GCC_WARN_ABOUT_RETURN_TYPE = YES_ERROR;
				GCC_WARN_UNDECLARED_SELECTOR = YES;
				GCC_WARN_UNINITIALIZED_AUTOS = YES_AGGRESSIVE;
				GCC_WARN_UNUSED_FUNCTION = YES;
				GCC_WARN_UNUSED_VARIABLE = YES;
				IPHONEOS_DEPLOYMENT_TARGET = 11.4;
				MTL_ENABLE_DEBUG_INFO = NO;
				SDKROOT = iphoneos;
				SWIFT_COMPILATION_MODE = wholemodule;
				SWIFT_OPTIMIZATION_LEVEL = "-O";
				VALIDATE_PRODUCT = YES;
			};
			name = Release;
		};
		A4BF6CA0215F105300EC9F71 /* Debug */ = {
			isa = XCBuildConfiguration;
			baseConfigurationReference = 21A4A3828344A65A21556BF8 /* Pods-Instagram.debug.xcconfig */;
			buildSettings = {
				ASSETCATALOG_COMPILER_APPICON_NAME = AppIcon;
				CODE_SIGN_STYLE = Automatic;
				INFOPLIST_FILE = Instagram/Info.plist;
				LD_RUNPATH_SEARCH_PATHS = (
					"$(inherited)",
					"@executable_path/Frameworks",
				);
				PRODUCT_BUNDLE_IDENTIFIER = "Brittany-Dail.Instagram";
				PRODUCT_NAME = "$(TARGET_NAME)";
				SWIFT_VERSION = 4.0;
				TARGETED_DEVICE_FAMILY = "1,2";
			};
			name = Debug;
		};
		A4BF6CA1215F105300EC9F71 /* Release */ = {
			isa = XCBuildConfiguration;
			baseConfigurationReference = D7099787734E228E082DA913 /* Pods-Instagram.release.xcconfig */;
			buildSettings = {
				ASSETCATALOG_COMPILER_APPICON_NAME = AppIcon;
				CODE_SIGN_STYLE = Automatic;
				INFOPLIST_FILE = Instagram/Info.plist;
				LD_RUNPATH_SEARCH_PATHS = (
					"$(inherited)",
					"@executable_path/Frameworks",
				);
				PRODUCT_BUNDLE_IDENTIFIER = "Brittany-Dail.Instagram";
				PRODUCT_NAME = "$(TARGET_NAME)";
				SWIFT_VERSION = 4.0;
				TARGETED_DEVICE_FAMILY = "1,2";
			};
			name = Release;
		};
		A4BF6CA3215F105300EC9F71 /* Debug */ = {
			isa = XCBuildConfiguration;
			baseConfigurationReference = 587EB408E25FDAB137AAA8B2 /* Pods-InstagramTests.debug.xcconfig */;
			buildSettings = {
				ALWAYS_EMBED_SWIFT_STANDARD_LIBRARIES = YES;
				BUNDLE_LOADER = "$(TEST_HOST)";
				CODE_SIGN_STYLE = Automatic;
				INFOPLIST_FILE = InstagramTests/Info.plist;
				LD_RUNPATH_SEARCH_PATHS = (
					"$(inherited)",
					"@executable_path/Frameworks",
					"@loader_path/Frameworks",
				);
				PRODUCT_BUNDLE_IDENTIFIER = "Brittany-Dail.InstagramTests";
				PRODUCT_NAME = "$(TARGET_NAME)";
				SWIFT_VERSION = 4.0;
				TARGETED_DEVICE_FAMILY = "1,2";
				TEST_HOST = "$(BUILT_PRODUCTS_DIR)/Instagram.app/Instagram";
			};
			name = Debug;
		};
		A4BF6CA4215F105300EC9F71 /* Release */ = {
			isa = XCBuildConfiguration;
			baseConfigurationReference = 2DF3A8882E23E5526017F13B /* Pods-InstagramTests.release.xcconfig */;
			buildSettings = {
				ALWAYS_EMBED_SWIFT_STANDARD_LIBRARIES = YES;
				BUNDLE_LOADER = "$(TEST_HOST)";
				CODE_SIGN_STYLE = Automatic;
				INFOPLIST_FILE = InstagramTests/Info.plist;
				LD_RUNPATH_SEARCH_PATHS = (
					"$(inherited)",
					"@executable_path/Frameworks",
					"@loader_path/Frameworks",
				);
				PRODUCT_BUNDLE_IDENTIFIER = "Brittany-Dail.InstagramTests";
				PRODUCT_NAME = "$(TARGET_NAME)";
				SWIFT_VERSION = 4.0;
				TARGETED_DEVICE_FAMILY = "1,2";
				TEST_HOST = "$(BUILT_PRODUCTS_DIR)/Instagram.app/Instagram";
			};
			name = Release;
		};
		A4BF6CA6215F105300EC9F71 /* Debug */ = {
			isa = XCBuildConfiguration;
			baseConfigurationReference = 913C6F2EDAAC64E93AAF7294 /* Pods-InstagramUITests.debug.xcconfig */;
			buildSettings = {
				ALWAYS_EMBED_SWIFT_STANDARD_LIBRARIES = YES;
				CODE_SIGN_STYLE = Automatic;
				INFOPLIST_FILE = InstagramUITests/Info.plist;
				LD_RUNPATH_SEARCH_PATHS = (
					"$(inherited)",
					"@executable_path/Frameworks",
					"@loader_path/Frameworks",
				);
				PRODUCT_BUNDLE_IDENTIFIER = "Brittany-Dail.InstagramUITests";
				PRODUCT_NAME = "$(TARGET_NAME)";
				SWIFT_VERSION = 4.0;
				TARGETED_DEVICE_FAMILY = "1,2";
				TEST_TARGET_NAME = Instagram;
			};
			name = Debug;
		};
		A4BF6CA7215F105300EC9F71 /* Release */ = {
			isa = XCBuildConfiguration;
			baseConfigurationReference = BAE5528C0FC7C2AD4B9663F3 /* Pods-InstagramUITests.release.xcconfig */;
			buildSettings = {
				ALWAYS_EMBED_SWIFT_STANDARD_LIBRARIES = YES;
				CODE_SIGN_STYLE = Automatic;
				INFOPLIST_FILE = InstagramUITests/Info.plist;
				LD_RUNPATH_SEARCH_PATHS = (
					"$(inherited)",
					"@executable_path/Frameworks",
					"@loader_path/Frameworks",
				);
				PRODUCT_BUNDLE_IDENTIFIER = "Brittany-Dail.InstagramUITests";
				PRODUCT_NAME = "$(TARGET_NAME)";
				SWIFT_VERSION = 4.0;
				TARGETED_DEVICE_FAMILY = "1,2";
				TEST_TARGET_NAME = Instagram;
			};
			name = Release;
		};
/* End XCBuildConfiguration section */

/* Begin XCConfigurationList section */
		A4BF6C72215F105100EC9F71 /* Build configuration list for PBXProject "Instagram" */ = {
			isa = XCConfigurationList;
			buildConfigurations = (
				A4BF6C9D215F105300EC9F71 /* Debug */,
				A4BF6C9E215F105300EC9F71 /* Release */,
			);
			defaultConfigurationIsVisible = 0;
			defaultConfigurationName = Release;
		};
		A4BF6C9F215F105300EC9F71 /* Build configuration list for PBXNativeTarget "Instagram" */ = {
			isa = XCConfigurationList;
			buildConfigurations = (
				A4BF6CA0215F105300EC9F71 /* Debug */,
				A4BF6CA1215F105300EC9F71 /* Release */,
			);
			defaultConfigurationIsVisible = 0;
			defaultConfigurationName = Release;
		};
		A4BF6CA2215F105300EC9F71 /* Build configuration list for PBXNativeTarget "InstagramTests" */ = {
			isa = XCConfigurationList;
			buildConfigurations = (
				A4BF6CA3215F105300EC9F71 /* Debug */,
				A4BF6CA4215F105300EC9F71 /* Release */,
			);
			defaultConfigurationIsVisible = 0;
			defaultConfigurationName = Release;
		};
		A4BF6CA5215F105300EC9F71 /* Build configuration list for PBXNativeTarget "InstagramUITests" */ = {
			isa = XCConfigurationList;
			buildConfigurations = (
				A4BF6CA6215F105300EC9F71 /* Debug */,
				A4BF6CA7215F105300EC9F71 /* Release */,
			);
			defaultConfigurationIsVisible = 0;
			defaultConfigurationName = Release;
		};
/* End XCConfigurationList section */
	};
	rootObject = A4BF6C6F215F105100EC9F71 /* Project object */;
}
